{
  "version": 4,
  "terraform_version": "1.3.7",
  "serial": 1197,
  "lineage": "55a5da3c-4458-79bc-7f47-0e112ef9969e",
  "outputs": {
    "default_security_group_id": {
      "value": "sg-06a0834c6c97f3cae",
      "type": "string"
    },
    "lb-security_group_id": {
      "value": "sg-0bec3e6faad1de756",
      "type": "string"
    },
    "vpc_cidr_block": {
      "value": "10.0.0.0/16",
      "type": "string"
    },
    "vpc_id": {
      "value": "vpc-0c5f9ce5a87f60ff4",
      "type": "string"
    }
  },
  "resources": [
    {
      "mode": "managed",
      "type": "aws_security_group",
      "name": "quotegen-app-nlb-sg",
      "provider": "provider[\"registry.terraform.io/hashicorp/aws\"]",
      "instances": [
        {
          "schema_version": 1,
          "attributes": {
            "arn": "arn:aws:ec2:us-east-1:788491249094:security-group/sg-0bec3e6faad1de756",
            "description": "Security group for the quotegen app NLB",
            "egress": [
              {
                "cidr_blocks": [
                  "0.0.0.0/0"
                ],
                "description": "",
                "from_port": 0,
                "ipv6_cidr_blocks": [],
                "prefix_list_ids": [],
                "protocol": "-1",
                "security_groups": [],
                "self": false,
                "to_port": 0
              }
            ],
            "id": "sg-0bec3e6faad1de756",
            "ingress": [
              {
                "cidr_blocks": [
                  "0.0.0.0/0"
                ],
                "description": "Allow access to quotegen NLB",
                "from_port": 80,
                "ipv6_cidr_blocks": [],
                "prefix_list_ids": [],
                "protocol": "tcp",
                "security_groups": [],
                "self": false,
                "to_port": 80
              }
            ],
            "name": "quotegen-app-nlb-sg",
            "name_prefix": "",
            "owner_id": "788491249094",
            "revoke_rules_on_delete": false,
            "tags": {
              "Name": "allow_quotegen_nlb"
            },
            "tags_all": {
              "Name": "allow_quotegen_nlb"
            },
            "timeouts": null,
            "vpc_id": "vpc-0c5f9ce5a87f60ff4"
          },
          "sensitive_attributes": [],
          "private": "eyJlMmJmYjczMC1lY2FhLTExZTYtOGY4OC0zNDM2M2JjN2M0YzAiOnsiY3JlYXRlIjo2MDAwMDAwMDAwMDAsImRlbGV0ZSI6OTAwMDAwMDAwMDAwfSwic2NoZW1hX3ZlcnNpb24iOiIxIn0=",
          "dependencies": [
            "module.vpc.aws_vpc.this"
          ],
          "create_before_destroy": true
        }
      ]
    },
    {
      "module": "module.vpc",
      "mode": "managed",
      "type": "aws_vpc",
      "name": "this",
      "provider": "provider[\"registry.terraform.io/hashicorp/aws\"]",
      "instances": [
        {
          "index_key": 0,
          "schema_version": 1,
          "attributes": {
            "arn": "arn:aws:ec2:us-east-1:788491249094:vpc/vpc-0c5f9ce5a87f60ff4",
            "assign_generated_ipv6_cidr_block": false,
            "cidr_block": "10.0.0.0/16",
            "default_network_acl_id": "acl-01cf13e0368a14b80",
            "default_route_table_id": "rtb-02d7af354879b611c",
            "default_security_group_id": "sg-06a0834c6c97f3cae",
            "dhcp_options_id": "dopt-0f9cf5691da0018c0",
            "enable_dns_hostnames": true,
            "enable_dns_support": true,
            "enable_network_address_usage_metrics": false,
            "id": "vpc-0c5f9ce5a87f60ff4",
            "instance_tenancy": "default",
            "ipv4_ipam_pool_id": null,
            "ipv4_netmask_length": null,
            "ipv6_association_id": "",
            "ipv6_cidr_block": "",
            "ipv6_cidr_block_network_border_group": "",
            "ipv6_ipam_pool_id": "",
            "ipv6_netmask_length": 0,
            "main_route_table_id": "rtb-02d7af354879b611c",
            "owner_id": "788491249094",
            "tags": {
              "Name": "quotegen-vpc"
            },
            "tags_all": {
              "Name": "quotegen-vpc"
            }
          },
          "sensitive_attributes": [],
          "private": "eyJzY2hlbWFfdmVyc2lvbiI6IjEifQ==",
          "create_before_destroy": true
        }
      ]
    }
  ],
  "check_results": null
}
